
Microsoft Visual Studio Solution File, Format Version 12.00
# Visual Studio Version 17
VisualStudioVersion = 17.7.34031.279
MinimumVisualStudioVersion = 10.0.40219.1
Project("{8BC9CEB8-8B4A-11D0-8D11-00A0C91BC942}") = "Server_sequential", "Server_sequential\Server_sequential.vcxproj", "{5E1001ED-87F7-4655-BE9F-F6A859A2FC90}"
EndProject
Global
	GlobalSection(SolutionConfigurationPlatforms) = preSolution
		Debug|x64 = Debug|x64
		Debug|x86 = Debug|x86
		Release|x64 = Release|x64
		Release|x86 = Release|x86
	EndGlobalSection
	GlobalSection(ProjectConfigurationPlatforms) = postSolution
		{5E1001ED-87F7-4655-BE9F-F6A859A2FC90}.Debug|x64.ActiveCfg = Debug|x64
		{5E1001ED-87F7-4655-BE9F-F6A859A2FC90}.Debug|x64.Build.0 = Debug|x64
		{5E1001ED-87F7-4655-BE9F-F6A859A2FC90}.Debug|x86.ActiveCfg = Debug|Win32
		{5E1001ED-87F7-4655-BE9F-F6A859A2FC90}.Debug|x86.Build.0 = Debug|Win32
		{5E1001ED-87F7-4655-BE9F-F6A859A2FC90}.Release|x64.ActiveCfg = Release|x64
		{5E1001ED-87F7-4655-BE9F-F6A859A2FC90}.Release|x64.Build.0 = Release|x64
		{5E1001ED-87F7-4655-BE9F-F6A859A2FC90}.Release|x86.ActiveCfg = Release|Win32
		{5E1001ED-87F7-4655-BE9F-F6A859A2FC90}.Release|x86.Build.0 = Release|Win32
	EndGlobalSection
	GlobalSection(SolutionProperties) = preSolution
		HideSolutionNode = FALSE
	EndGlobalSection
	GlobalSection(ExtensibilityGlobals) = postSolution
		SolutionGuid = {855ACD72-8A9C-412D-8B8C-69E12B7DD21C}
	EndGlobalSection
EndGlobal
